
Microsoft Visual Studio Solution File, Format Version 12.00
# Visual Studio Version 17
VisualStudioVersion = 17.8.34330.188
MinimumVisualStudioVersion = 10.0.40219.1
Project("{FAE04EC0-301F-11D3-BF4B-00C04F79EFBC}") = "Bibioliotheek", "Bibioliotheek\Bibioliotheek.csproj", "{1B031337-EF00-463E-B370-1536535CE1B7}"
EndProject
Global
	GlobalSection(SolutionConfigurationPlatforms) = preSolution
		Debug|Any CPU = Debug|Any CPU
		Release|Any CPU = Release|Any CPU
	EndGlobalSection
	GlobalSection(ProjectConfigurationPlatforms) = postSolution
		{1B031337-EF00-463E-B370-1536535CE1B7}.Debug|Any CPU.ActiveCfg = Debug|Any CPU
		{1B031337-EF00-463E-B370-1536535CE1B7}.Debug|Any CPU.Build.0 = Debug|Any CPU
		{1B031337-EF00-463E-B370-1536535CE1B7}.Release|Any CPU.ActiveCfg = Release|Any CPU
		{1B031337-EF00-463E-B370-1536535CE1B7}.Release|Any CPU.Build.0 = Release|Any CPU
	EndGlobalSection
	GlobalSection(SolutionProperties) = preSolution
		HideSolutionNode = FALSE
	EndGlobalSection
	GlobalSection(ExtensibilityGlobals) = postSolution
		SolutionGuid = {8593B548-ACA5-4BE8-92AF-CAEE3C34541B}
	EndGlobalSection
EndGlobal
